{
  "name": "open-source-social-science.github.io",
  "version": "1.0.0",
  "lockfileVersion": 1,
  "requires": true,
  "dependencies": {
    "tocbot": {
      "version": "4.20.0",
      "resolved": "https://registry.npmjs.org/tocbot/-/tocbot-4.20.0.tgz",
      "integrity": "sha512-iSPKsVZ9W0zGI3XkEadFEJNSxQf/jjzWDQROnQitAKe7DX48lNk6CwLXKTol1qG8I5Hm6wM+tpzcDrkcyt3sXA=="
    }
  }
}
